
Microsoft Visual Studio Solution File, Format Version 12.00
# Visual Studio Version 17
VisualStudioVersion = 17.3.32819.101
MinimumVisualStudioVersion = 10.0.40219.1
Project("{FAE04EC0-301F-11D3-BF4B-00C04F79EFBC}") = "LineComparisonProject", "LineComparisonProject\LineComparisonProject.csproj", "{9BB4E1BA-7F7A-4E97-96E4-511CA7672216}"
EndProject
Global
	GlobalSection(SolutionConfigurationPlatforms) = preSolution
		Debug|Any CPU = Debug|Any CPU
		Release|Any CPU = Release|Any CPU
	EndGlobalSection
	GlobalSection(ProjectConfigurationPlatforms) = postSolution
		{9BB4E1BA-7F7A-4E97-96E4-511CA7672216}.Debug|Any CPU.ActiveCfg = Debug|Any CPU
		{9BB4E1BA-7F7A-4E97-96E4-511CA7672216}.Debug|Any CPU.Build.0 = Debug|Any CPU
		{9BB4E1BA-7F7A-4E97-96E4-511CA7672216}.Release|Any CPU.ActiveCfg = Release|Any CPU
		{9BB4E1BA-7F7A-4E97-96E4-511CA7672216}.Release|Any CPU.Build.0 = Release|Any CPU
	EndGlobalSection
	GlobalSection(SolutionProperties) = preSolution
		HideSolutionNode = FALSE
	EndGlobalSection
	GlobalSection(ExtensibilityGlobals) = postSolution
		SolutionGuid = {A9EA73C5-5A98-47A9-911D-1E8BA4161D22}
	EndGlobalSection
EndGlobal
